
Microsoft Visual Studio Solution File, Format Version 12.00
# Visual Studio 15
VisualStudioVersion = 15.0.28307.106
MinimumVisualStudioVersion = 10.0.40219.1
Project("{FAE04EC0-301F-11D3-BF4B-00C04F79EFBC}") = "PersonalAssistant", "PersonalAssistant\PersonalAssistant.csproj", "{616FEBC9-D2E3-4797-9F31-3CAEC66F0D8E}"
EndProject
Global
	GlobalSection(SolutionConfigurationPlatforms) = preSolution
		Debug|Any CPU = Debug|Any CPU
		Release|Any CPU = Release|Any CPU
	EndGlobalSection
	GlobalSection(ProjectConfigurationPlatforms) = postSolution
		{616FEBC9-D2E3-4797-9F31-3CAEC66F0D8E}.Debug|Any CPU.ActiveCfg = Debug|Any CPU
		{616FEBC9-D2E3-4797-9F31-3CAEC66F0D8E}.Debug|Any CPU.Build.0 = Debug|Any CPU
		{616FEBC9-D2E3-4797-9F31-3CAEC66F0D8E}.Release|Any CPU.ActiveCfg = Release|Any CPU
		{616FEBC9-D2E3-4797-9F31-3CAEC66F0D8E}.Release|Any CPU.Build.0 = Release|Any CPU
	EndGlobalSection
	GlobalSection(SolutionProperties) = preSolution
		HideSolutionNode = FALSE
	EndGlobalSection
	GlobalSection(ExtensibilityGlobals) = postSolution
		SolutionGuid = {FABEA37C-05BC-48FC-9041-26134D1B5019}
	EndGlobalSection
EndGlobal
